// !$*UTF8*$!
{
  archiveVersion = 1;
  classes = {};
  objectVersion = 55;
  objects = {

/* Begin PBXBuildFile section */
    1 /* GermanDictionaryApp.swift in Sources */ = {isa = PBXBuildFile; fileRef = 2 /* GermanDictionaryApp.swift */; };
    3 /* ContentView.swift in Sources */ = {isa = PBXBuildFile; fileRef = 4 /* ContentView.swift */; };
    5 /* Data.swift in Sources */ = {isa = PBXBuildFile; fileRef = 6 /* Data.swift */; };
    20 /* WordListView.swift in Sources */ = {isa = PBXBuildFile; fileRef = 21 /* WordListView.swift */; };
/* End PBXBuildFile section */

/* Begin PBXFileReference section */
    2 /* GermanDictionaryApp.swift */ = {isa = PBXFileReference; lastKnownFileType = sourcecode.swift; path = GermanDictionaryApp.swift; sourceTree = "<group>"; };
    4 /* ContentView.swift */ = {isa = PBXFileReference; lastKnownFileType = sourcecode.swift; path = ContentView.swift; sourceTree = "<group>"; };
    6 /* Data.swift */ = {isa = PBXFileReference; lastKnownFileType = sourcecode.swift; path = Models/Data.swift; sourceTree = "<group>"; };
    7 /* Info.plist */ = {isa = PBXFileReference; lastKnownFileType = text.plist.xml; path = Info.plist; sourceTree = "<group>"; };
    8 /* Assets.xcassets */ = {isa = PBXFileReference; lastKnownFileType = folder.assetcatalog; path = Assets.xcassets; sourceTree = "<group>"; };
    9 /* Preview Assets.xcassets */ = {isa = PBXFileReference; lastKnownFileType = folder.assetcatalog; path = "Preview Content/Preview Assets.xcassets"; sourceTree = "<group>"; };
    21 /* WordListView.swift */ = {isa = PBXFileReference; lastKnownFileType = sourcecode.swift; path = WordListView.swift; sourceTree = "<group>"; };
/* End PBXFileReference section */

/* Begin PBXGroup section */
    10 = {
      isa = PBXGroup;
      children = (
        2 /* GermanDictionaryApp.swift */,
        4 /* ContentView.swift */,
        6 /* Data.swift */,
        21 /* WordListView.swift */,
        7 /* Info.plist */,
        8 /* Assets.xcassets */,
        9 /* Preview Assets.xcassets */,
      );
      path = "";
      sourceTree = "<group>";
    };
/* End PBXGroup section */

/* Begin PBXSourcesBuildPhase section */
    11 = {
      isa = PBXSourcesBuildPhase;
      buildActionMask = 2147483647;
      files = (
        1 /* GermanDictionaryApp.swift in Sources */,
        3 /* ContentView.swift in Sources */,
        5 /* Data.swift in Sources */,
        20 /* WordListView.swift in Sources */,
      );
      runOnlyForDeploymentPostprocessing = 0;
    };
/* End PBXSourcesBuildPhase section */

/* Begin PBXFrameworksBuildPhase section */
    12 = {
      isa = PBXFrameworksBuildPhase;
      buildActionMask = 2147483647;
      files = ();
      runOnlyForDeploymentPostprocessing = 0;
    };
/* End PBXFrameworksBuildPhase section */

/* Begin PBXResourcesBuildPhase section */
    13 = {
      isa = PBXResourcesBuildPhase;
      buildActionMask = 2147483647;
      files = ();
      runOnlyForDeploymentPostprocessing = 0;
    };
/* End PBXResourcesBuildPhase section */

/* Begin PBXNativeTarget section */
    14 = {
      isa = PBXNativeTarget;
      buildConfigurationList = 15;
      buildPhases = (
        11,
        12,
        13,
      );
      buildRules = ();
      dependencies = ();
      name = GermanDictionaryApp;
      productName = GermanDictionaryApp;
      productType = "com.apple.product-type.application";
    };
/* End PBXNativeTarget section */

/* Begin PBXProject section */
    16 = {
      isa = PBXProject;
      attributes = {
        LastUpgradeCheck = 1430;
        TargetAttributes = {
          14 = {
            CreatedOnToolsVersion = 14.3.0;
          };
        };
      };
      buildConfigurationList = 17;
      compatibilityVersion = "Xcode 14.0";
      developmentRegion = en;
      hasScannedForEncodings = 0;
      knownRegions = (
        en,
        Base,
      );
      mainGroup = 10;
      productRefGroup = 10;
      projectDirPath = "";
      projectRoot = "";
      targets = (
        14,
      );
    };
/* End PBXProject section */

/* Begin XCBuildConfiguration section */
    18 /* Debug */ = {
      isa = XCBuildConfiguration;
      buildSettings = {
        CODE_SIGN_IDENTITY = "iPhone Developer";
        CURRENT_PROJECT_VERSION = 1;
        GENERATE_INFOPLIST_FILE = YES;
        INFOPLIST_FILE = Info.plist;
        IPHONEOS_DEPLOYMENT_TARGET = 15.0;
        PRODUCT_BUNDLE_IDENTIFIER = com.roman.germandictionary;
        PRODUCT_NAME = GermanDictionaryApp;
        SWIFT_VERSION = 5.0;
        TARGETED_DEVICE_FAMILY = "1,2";
      };
      name = Debug;
    };
    19 /* Release */ = {
      isa = XCBuildConfiguration;
      buildSettings = {
        CODE_SIGN_IDENTITY = "iPhone Developer";
        CURRENT_PROJECT_VERSION = 1;
        GENERATE_INFOPLIST_FILE = YES;
        INFOPLIST_FILE = Info.plist;
        IPHONEOS_DEPLOYMENT_TARGET = 15.0;
        PRODUCT_BUNDLE_IDENTIFIER = com.roman.germandictionary;
        PRODUCT_NAME = GermanDictionaryApp;
        SWIFT_VERSION = 5.0;
        TARGETED_DEVICE_FAMILY = "1,2";
      };
      name = Release;
    };
/* End XCBuildConfiguration section */

/* Begin XCConfigurationList section */
    15 = {
      isa = XCConfigurationList;
      buildConfigurations = (
        18,
        19,
      );
      defaultConfigurationIsVisible = 0;
      defaultConfigurationName = Release;
    };
    17 = {
      isa = XCConfigurationList;
      buildConfigurations = (
        18,
        19,
      );
      defaultConfigurationIsVisible = 0;
      defaultConfigurationName = Release;
    };
/* End XCConfigurationList section */

  };
  rootObject = 16;
}
